
Microsoft Visual Studio Solution File, Format Version 12.00
# Visual Studio 2012
Project("{FAE04EC0-301F-11D3-BF4B-00C04F79EFBC}") = "VBTranslator", "VBTranslator\VBTranslator.csproj", "{BDF8B491-34CF-4C29-831B-6E4A4585BE20}"
	ProjectSection(ProjectDependencies) = postProject
		{E71BF489-04B4-45DB-8FB1-006C56B49246} = {E71BF489-04B4-45DB-8FB1-006C56B49246}
	EndProjectSection
EndProject
Project("{FAE04EC0-301F-11D3-BF4B-00C04F79EFBC}") = "dmcvb1", "dmcvb1\dmcvb1.csproj", "{E71BF489-04B4-45DB-8FB1-006C56B49246}"
EndProject
Global
	GlobalSection(SolutionConfigurationPlatforms) = preSolution
		Debug|Any CPU = Debug|Any CPU
		Release|Any CPU = Release|Any CPU
	EndGlobalSection
	GlobalSection(ProjectConfigurationPlatforms) = postSolution
		{BDF8B491-34CF-4C29-831B-6E4A4585BE20}.Debug|Any CPU.ActiveCfg = Debug|Any CPU
		{BDF8B491-34CF-4C29-831B-6E4A4585BE20}.Debug|Any CPU.Build.0 = Debug|Any CPU
		{BDF8B491-34CF-4C29-831B-6E4A4585BE20}.Release|Any CPU.ActiveCfg = Release|Any CPU
		{BDF8B491-34CF-4C29-831B-6E4A4585BE20}.Release|Any CPU.Build.0 = Release|Any CPU
		{E71BF489-04B4-45DB-8FB1-006C56B49246}.Debug|Any CPU.ActiveCfg = Debug|Any CPU
		{E71BF489-04B4-45DB-8FB1-006C56B49246}.Debug|Any CPU.Build.0 = Debug|Any CPU
		{E71BF489-04B4-45DB-8FB1-006C56B49246}.Release|Any CPU.ActiveCfg = Release|Any CPU
		{E71BF489-04B4-45DB-8FB1-006C56B49246}.Release|Any CPU.Build.0 = Release|Any CPU
	EndGlobalSection
	GlobalSection(SolutionProperties) = preSolution
		HideSolutionNode = FALSE
	EndGlobalSection
EndGlobal
